
Microsoft Visual Studio Solution File, Format Version 12.00
# Visual Studio 14
VisualStudioVersion = 14.0.24720.0
MinimumVisualStudioVersion = 10.0.40219.1
Project("{FAE04EC0-301F-11D3-BF4B-00C04F79EFBC}") = "XamarinFormsInitCrasher.Droid", "XamarinFormsInitCrasher\XamarinFormsInitCrasher.Droid\XamarinFormsInitCrasher.Droid.csproj", "{9B848BAD-EF8D-4D7A-B146-7CD85C1C37B9}"
EndProject
Project("{FAE04EC0-301F-11D3-BF4B-00C04F79EFBC}") = "XamarinFormsInitCrasher.iOS", "XamarinFormsInitCrasher\XamarinFormsInitCrasher.iOS\XamarinFormsInitCrasher.iOS.csproj", "{136980E8-1C8F-49C1-8F48-1C18ACB05F25}"
EndProject
Project("{FAE04EC0-301F-11D3-BF4B-00C04F79EFBC}") = "XamarinFormsInitCrasher.WinPhone", "XamarinFormsInitCrasher\XamarinFormsInitCrasher.WinPhone\XamarinFormsInitCrasher.WinPhone.csproj", "{F86DD272-F438-4EED-9782-0A08B9CAB9AA}"
EndProject
Project("{FAE04EC0-301F-11D3-BF4B-00C04F79EFBC}") = "XamarinFormsInitCrasher.UWP", "XamarinFormsInitCrasher\XamarinFormsInitCrasher.UWP\XamarinFormsInitCrasher.UWP.csproj", "{66E98AA0-4696-4616-8AFB-3F0C6C547ABD}"
EndProject
Project("{FAE04EC0-301F-11D3-BF4B-00C04F79EFBC}") = "XamarinFormsInitCrasher.Windows", "XamarinFormsInitCrasher\XamarinFormsInitCrasher.Windows\XamarinFormsInitCrasher.Windows.csproj", "{B9B4214A-6D77-4E29-8A3D-A82B58783CC9}"
EndProject
Project("{D954291E-2A0B-460D-934E-DC6B0785DB48}") = "XamarinFormsInitCrasher", "XamarinFormsInitCrasher\XamarinFormsInitCrasher\XamarinFormsInitCrasher.shproj", "{502932D0-E849-4D1C-8B9C-539BB820D827}"
EndProject
Global
	GlobalSection(SharedMSBuildProjectFiles) = preSolution
		XamarinFormsInitCrasher\XamarinFormsInitCrasher\XamarinFormsInitCrasher.projitems*{502932d0-e849-4d1c-8b9c-539bb820d827}*SharedItemsImports = 13
	EndGlobalSection
	GlobalSection(SolutionConfigurationPlatforms) = preSolution
		Ad-Hoc|Any CPU = Ad-Hoc|Any CPU
		Ad-Hoc|ARM = Ad-Hoc|ARM
		Ad-Hoc|iPhone = Ad-Hoc|iPhone
		Ad-Hoc|iPhoneSimulator = Ad-Hoc|iPhoneSimulator
		Ad-Hoc|x64 = Ad-Hoc|x64
		Ad-Hoc|x86 = Ad-Hoc|x86
		AppStore|Any CPU = AppStore|Any CPU
		AppStore|ARM = AppStore|ARM
		AppStore|iPhone = AppStore|iPhone
		AppStore|iPhoneSimulator = AppStore|iPhoneSimulator
		AppStore|x64 = AppStore|x64
		AppStore|x86 = AppStore|x86
		Debug|Any CPU = Debug|Any CPU
		Debug|ARM = Debug|ARM
		Debug|iPhone = Debug|iPhone
		Debug|iPhoneSimulator = Debug|iPhoneSimulator
		Debug|x64 = Debug|x64
		Debug|x86 = Debug|x86
		Release|Any CPU = Release|Any CPU
		Release|ARM = Release|ARM
		Release|iPhone = Release|iPhone
		Release|iPhoneSimulator = Release|iPhoneSimulator
		Release|x64 = Release|x64
		Release|x86 = Release|x86
	EndGlobalSection
	GlobalSection(ProjectConfigurationPlatforms) = postSolution
		{9B848BAD-EF8D-4D7A-B146-7CD85C1C37B9}.Ad-Hoc|Any CPU.ActiveCfg = Release|Any CPU
		{9B848BAD-EF8D-4D7A-B146-7CD85C1C37B9}.Ad-Hoc|Any CPU.Build.0 = Release|Any CPU
		{9B848BAD-EF8D-4D7A-B146-7CD85C1C37B9}.Ad-Hoc|Any CPU.Deploy.0 = Release|Any CPU
		{9B848BAD-EF8D-4D7A-B146-7CD85C1C37B9}.Ad-Hoc|ARM.ActiveCfg = Release|Any CPU
		{9B848BAD-EF8D-4D7A-B146-7CD85C1C37B9}.Ad-Hoc|ARM.Build.0 = Release|Any CPU
		{9B848BAD-EF8D-4D7A-B146-7CD85C1C37B9}.Ad-Hoc|ARM.Deploy.0 = Release|Any CPU
		{9B848BAD-EF8D-4D7A-B146-7CD85C1C37B9}.Ad-Hoc|iPhone.ActiveCfg = Release|Any CPU
		{9B848BAD-EF8D-4D7A-B146-7CD85C1C37B9}.Ad-Hoc|iPhone.Build.0 = Release|Any CPU
		{9B848BAD-EF8D-4D7A-B146-7CD85C1C37B9}.Ad-Hoc|iPhone.Deploy.0 = Release|Any CPU
		{9B848BAD-EF8D-4D7A-B146-7CD85C1C37B9}.Ad-Hoc|iPhoneSimulator.ActiveCfg = Release|Any CPU
		{9B848BAD-EF8D-4D7A-B146-7CD85C1C37B9}.Ad-Hoc|iPhoneSimulator.Build.0 = Release|Any CPU
		{9B848BAD-EF8D-4D7A-B146-7CD85C1C37B9}.Ad-Hoc|iPhoneSimulator.Deploy.0 = Release|Any CPU
		{9B848BAD-EF8D-4D7A-B146-7CD85C1C37B9}.Ad-Hoc|x64.ActiveCfg = Release|Any CPU
		{9B848BAD-EF8D-4D7A-B146-7CD85C1C37B9}.Ad-Hoc|x64.Build.0 = Release|Any CPU
		{9B848BAD-EF8D-4D7A-B146-7CD85C1C37B9}.Ad-Hoc|x64.Deploy.0 = Release|Any CPU
		{9B848BAD-EF8D-4D7A-B146-7CD85C1C37B9}.Ad-Hoc|x86.ActiveCfg = Release|Any CPU
		{9B848BAD-EF8D-4D7A-B146-7CD85C1C37B9}.Ad-Hoc|x86.Build.0 = Release|Any CPU
		{9B848BAD-EF8D-4D7A-B146-7CD85C1C37B9}.Ad-Hoc|x86.Deploy.0 = Release|Any CPU
		{9B848BAD-EF8D-4D7A-B146-7CD85C1C37B9}.AppStore|Any CPU.ActiveCfg = Release|Any CPU
		{9B848BAD-EF8D-4D7A-B146-7CD85C1C37B9}.AppStore|Any CPU.Build.0 = Release|Any CPU
		{9B848BAD-EF8D-4D7A-B146-7CD85C1C37B9}.AppStore|Any CPU.Deploy.0 = Release|Any CPU
		{9B848BAD-EF8D-4D7A-B146-7CD85C1C37B9}.AppStore|ARM.ActiveCfg = Release|Any CPU
		{9B848BAD-EF8D-4D7A-B146-7CD85C1C37B9}.AppStore|ARM.Build.0 = Release|Any CPU
		{9B848BAD-EF8D-4D7A-B146-7CD85C1C37B9}.AppStore|ARM.Deploy.0 = Release|Any CPU
		{9B848BAD-EF8D-4D7A-B146-7CD85C1C37B9}.AppStore|iPhone.ActiveCfg = Release|Any CPU
		{9B848BAD-EF8D-4D7A-B146-7CD85C1C37B9}.AppStore|iPhone.Build.0 = Release|Any CPU
		{9B848BAD-EF8D-4D7A-B146-7CD85C1C37B9}.AppStore|iPhone.Deploy.0 = Release|Any CPU
		{9B848BAD-EF8D-4D7A-B146-7CD85C1C37B9}.AppStore|iPhoneSimulator.ActiveCfg = Release|Any CPU
		{9B848BAD-EF8D-4D7A-B146-7CD85C1C37B9}.AppStore|iPhoneSimulator.Build.0 = Release|Any CPU
		{9B848BAD-EF8D-4D7A-B146-7CD85C1C37B9}.AppStore|iPhoneSimulator.Deploy.0 = Release|Any CPU
		{9B848BAD-EF8D-4D7A-B146-7CD85C1C37B9}.AppStore|x64.ActiveCfg = Release|Any CPU
		{9B848BAD-EF8D-4D7A-B146-7CD85C1C37B9}.AppStore|x64.Build.0 = Release|Any CPU
		{9B848BAD-EF8D-4D7A-B146-7CD85C1C37B9}.AppStore|x64.Deploy.0 = Release|Any CPU
		{9B848BAD-EF8D-4D7A-B146-7CD85C1C37B9}.AppStore|x86.ActiveCfg = Release|Any CPU
		{9B848BAD-EF8D-4D7A-B146-7CD85C1C37B9}.AppStore|x86.Build.0 = Release|Any CPU
		{9B848BAD-EF8D-4D7A-B146-7CD85C1C37B9}.AppStore|x86.Deploy.0 = Release|Any CPU
		{9B848BAD-EF8D-4D7A-B146-7CD85C1C37B9}.Debug|Any CPU.ActiveCfg = Debug|Any CPU
		{9B848BAD-EF8D-4D7A-B146-7CD85C1C37B9}.Debug|Any CPU.Build.0 = Debug|Any CPU
		{9B848BAD-EF8D-4D7A-B146-7CD85C1C37B9}.Debug|Any CPU.Deploy.0 = Debug|Any CPU
		{9B848BAD-EF8D-4D7A-B146-7CD85C1C37B9}.Debug|ARM.ActiveCfg = Debug|Any CPU
		{9B848BAD-EF8D-4D7A-B146-7CD85C1C37B9}.Debug|ARM.Build.0 = Debug|Any CPU
		{9B848BAD-EF8D-4D7A-B146-7CD85C1C37B9}.Debug|ARM.Deploy.0 = Debug|Any CPU
		{9B848BAD-EF8D-4D7A-B146-7CD85C1C37B9}.Debug|iPhone.ActiveCfg = Debug|Any CPU
		{9B848BAD-EF8D-4D7A-B146-7CD85C1C37B9}.Debug|iPhone.Build.0 = Debug|Any CPU
		{9B848BAD-EF8D-4D7A-B146-7CD85C1C37B9}.Debug|iPhone.Deploy.0 = Debug|Any CPU
		{9B848BAD-EF8D-4D7A-B146-7CD85C1C37B9}.Debug|iPhoneSimulator.ActiveCfg = Debug|Any CPU
		{9B848BAD-EF8D-4D7A-B146-7CD85C1C37B9}.Debug|iPhoneSimulator.Build.0 = Debug|Any CPU
		{9B848BAD-EF8D-4D7A-B146-7CD85C1C37B9}.Debug|iPhoneSimulator.Deploy.0 = Debug|Any CPU
		{9B848BAD-EF8D-4D7A-B146-7CD85C1C37B9}.Debug|x64.ActiveCfg = Debug|Any CPU
		{9B848BAD-EF8D-4D7A-B146-7CD85C1C37B9}.Debug|x64.Build.0 = Debug|Any CPU
		{9B848BAD-EF8D-4D7A-B146-7CD85C1C37B9}.Debug|x64.Deploy.0 = Debug|Any CPU
		{9B848BAD-EF8D-4D7A-B146-7CD85C1C37B9}.Debug|x86.ActiveCfg = Debug|Any CPU
		{9B848BAD-EF8D-4D7A-B146-7CD85C1C37B9}.Debug|x86.Build.0 = Debug|Any CPU
		{9B848BAD-EF8D-4D7A-B146-7CD85C1C37B9}.Debug|x86.Deploy.0 = Debug|Any CPU
		{9B848BAD-EF8D-4D7A-B146-7CD85C1C37B9}.Release|Any CPU.ActiveCfg = Release|Any CPU
		{9B848BAD-EF8D-4D7A-B146-7CD85C1C37B9}.Release|Any CPU.Build.0 = Release|Any CPU
		{9B848BAD-EF8D-4D7A-B146-7CD85C1C37B9}.Release|Any CPU.Deploy.0 = Release|Any CPU
		{9B848BAD-EF8D-4D7A-B146-7CD85C1C37B9}.Release|ARM.ActiveCfg = Release|Any CPU
		{9B848BAD-EF8D-4D7A-B146-7CD85C1C37B9}.Release|ARM.Build.0 = Release|Any CPU
		{9B848BAD-EF8D-4D7A-B146-7CD85C1C37B9}.Release|ARM.Deploy.0 = Release|Any CPU
		{9B848BAD-EF8D-4D7A-B146-7CD85C1C37B9}.Release|iPhone.ActiveCfg = Release|Any CPU
		{9B848BAD-EF8D-4D7A-B146-7CD85C1C37B9}.Release|iPhone.Build.0 = Release|Any CPU
		{9B848BAD-EF8D-4D7A-B146-7CD85C1C37B9}.Release|iPhone.Deploy.0 = Release|Any CPU
		{9B848BAD-EF8D-4D7A-B146-7CD85C1C37B9}.Release|iPhoneSimulator.ActiveCfg = Release|Any CPU
		{9B848BAD-EF8D-4D7A-B146-7CD85C1C37B9}.Release|iPhoneSimulator.Build.0 = Release|Any CPU
		{9B848BAD-EF8D-4D7A-B146-7CD85C1C37B9}.Release|iPhoneSimulator.Deploy.0 = Release|Any CPU
		{9B848BAD-EF8D-4D7A-B146-7CD85C1C37B9}.Release|x64.ActiveCfg = Release|Any CPU
		{9B848BAD-EF8D-4D7A-B146-7CD85C1C37B9}.Release|x64.Build.0 = Release|Any CPU
		{9B848BAD-EF8D-4D7A-B146-7CD85C1C37B9}.Release|x64.Deploy.0 = Release|Any CPU
		{9B848BAD-EF8D-4D7A-B146-7CD85C1C37B9}.Release|x86.ActiveCfg = Release|Any CPU
		{9B848BAD-EF8D-4D7A-B146-7CD85C1C37B9}.Release|x86.Build.0 = Release|Any CPU
		{9B848BAD-EF8D-4D7A-B146-7CD85C1C37B9}.Release|x86.Deploy.0 = Release|Any CPU
		{136980E8-1C8F-49C1-8F48-1C18ACB05F25}.Ad-Hoc|Any CPU.ActiveCfg = Ad-Hoc|iPhone
		{136980E8-1C8F-49C1-8F48-1C18ACB05F25}.Ad-Hoc|ARM.ActiveCfg = Ad-Hoc|iPhone
		{136980E8-1C8F-49C1-8F48-1C18ACB05F25}.Ad-Hoc|iPhone.ActiveCfg = Ad-Hoc|iPhone
		{136980E8-1C8F-49C1-8F48-1C18ACB05F25}.Ad-Hoc|iPhone.Build.0 = Ad-Hoc|iPhone
		{136980E8-1C8F-49C1-8F48-1C18ACB05F25}.Ad-Hoc|iPhoneSimulator.ActiveCfg = Ad-Hoc|iPhoneSimulator
		{136980E8-1C8F-49C1-8F48-1C18ACB05F25}.Ad-Hoc|iPhoneSimulator.Build.0 = Ad-Hoc|iPhoneSimulator
		{136980E8-1C8F-49C1-8F48-1C18ACB05F25}.Ad-Hoc|x64.ActiveCfg = Ad-Hoc|iPhone
		{136980E8-1C8F-49C1-8F48-1C18ACB05F25}.Ad-Hoc|x86.ActiveCfg = Ad-Hoc|iPhone
		{136980E8-1C8F-49C1-8F48-1C18ACB05F25}.AppStore|Any CPU.ActiveCfg = AppStore|iPhone
		{136980E8-1C8F-49C1-8F48-1C18ACB05F25}.AppStore|ARM.ActiveCfg = AppStore|iPhone
		{136980E8-1C8F-49C1-8F48-1C18ACB05F25}.AppStore|iPhone.ActiveCfg = AppStore|iPhone
		{136980E8-1C8F-49C1-8F48-1C18ACB05F25}.AppStore|iPhone.Build.0 = AppStore|iPhone
		{136980E8-1C8F-49C1-8F48-1C18ACB05F25}.AppStore|iPhoneSimulator.ActiveCfg = AppStore|iPhoneSimulator
		{136980E8-1C8F-49C1-8F48-1C18ACB05F25}.AppStore|iPhoneSimulator.Build.0 = AppStore|iPhoneSimulator
		{136980E8-1C8F-49C1-8F48-1C18ACB05F25}.AppStore|x64.ActiveCfg = AppStore|iPhone
		{136980E8-1C8F-49C1-8F48-1C18ACB05F25}.AppStore|x86.ActiveCfg = AppStore|iPhone
		{136980E8-1C8F-49C1-8F48-1C18ACB05F25}.Debug|Any CPU.ActiveCfg = Debug|iPhone
		{136980E8-1C8F-49C1-8F48-1C18ACB05F25}.Debug|ARM.ActiveCfg = Debug|iPhone
		{136980E8-1C8F-49C1-8F48-1C18ACB05F25}.Debug|iPhone.ActiveCfg = Debug|iPhone
		{136980E8-1C8F-49C1-8F48-1C18ACB05F25}.Debug|iPhone.Build.0 = Debug|iPhone
		{136980E8-1C8F-49C1-8F48-1C18ACB05F25}.Debug|iPhoneSimulator.ActiveCfg = Debug|iPhoneSimulator
		{136980E8-1C8F-49C1-8F48-1C18ACB05F25}.Debug|iPhoneSimulator.Build.0 = Debug|iPhoneSimulator
		{136980E8-1C8F-49C1-8F48-1C18ACB05F25}.Debug|x64.ActiveCfg = Debug|iPhone
		{136980E8-1C8F-49C1-8F48-1C18ACB05F25}.Debug|x86.ActiveCfg = Debug|iPhone
		{136980E8-1C8F-49C1-8F48-1C18ACB05F25}.Release|Any CPU.ActiveCfg = Release|iPhone
		{136980E8-1C8F-49C1-8F48-1C18ACB05F25}.Release|ARM.ActiveCfg = Release|iPhone
		{136980E8-1C8F-49C1-8F48-1C18ACB05F25}.Release|iPhone.ActiveCfg = Release|iPhone
		{136980E8-1C8F-49C1-8F48-1C18ACB05F25}.Release|iPhone.Build.0 = Release|iPhone
		{136980E8-1C8F-49C1-8F48-1C18ACB05F25}.Release|iPhoneSimulator.ActiveCfg = Release|iPhoneSimulator
		{136980E8-1C8F-49C1-8F48-1C18ACB05F25}.Release|iPhoneSimulator.Build.0 = Release|iPhoneSimulator
		{136980E8-1C8F-49C1-8F48-1C18ACB05F25}.Release|x64.ActiveCfg = Release|iPhone
		{136980E8-1C8F-49C1-8F48-1C18ACB05F25}.Release|x86.ActiveCfg = Release|iPhone
		{F86DD272-F438-4EED-9782-0A08B9CAB9AA}.Ad-Hoc|Any CPU.ActiveCfg = Release|Any CPU
		{F86DD272-F438-4EED-9782-0A08B9CAB9AA}.Ad-Hoc|Any CPU.Build.0 = Release|Any CPU
		{F86DD272-F438-4EED-9782-0A08B9CAB9AA}.Ad-Hoc|Any CPU.Deploy.0 = Release|Any CPU
		{F86DD272-F438-4EED-9782-0A08B9CAB9AA}.Ad-Hoc|ARM.ActiveCfg = Release|ARM
		{F86DD272-F438-4EED-9782-0A08B9CAB9AA}.Ad-Hoc|ARM.Build.0 = Release|ARM
		{F86DD272-F438-4EED-9782-0A08B9CAB9AA}.Ad-Hoc|ARM.Deploy.0 = Release|ARM
		{F86DD272-F438-4EED-9782-0A08B9CAB9AA}.Ad-Hoc|iPhone.ActiveCfg = Release|Any CPU
		{F86DD272-F438-4EED-9782-0A08B9CAB9AA}.Ad-Hoc|iPhone.Build.0 = Release|Any CPU
		{F86DD272-F438-4EED-9782-0A08B9CAB9AA}.Ad-Hoc|iPhone.Deploy.0 = Release|Any CPU
		{F86DD272-F438-4EED-9782-0A08B9CAB9AA}.Ad-Hoc|iPhoneSimulator.ActiveCfg = Release|Any CPU
		{F86DD272-F438-4EED-9782-0A08B9CAB9AA}.Ad-Hoc|iPhoneSimulator.Build.0 = Release|Any CPU
		{F86DD272-F438-4EED-9782-0A08B9CAB9AA}.Ad-Hoc|iPhoneSimulator.Deploy.0 = Release|Any CPU
		{F86DD272-F438-4EED-9782-0A08B9CAB9AA}.Ad-Hoc|x64.ActiveCfg = Release|Any CPU
		{F86DD272-F438-4EED-9782-0A08B9CAB9AA}.Ad-Hoc|x64.Build.0 = Release|Any CPU
		{F86DD272-F438-4EED-9782-0A08B9CAB9AA}.Ad-Hoc|x64.Deploy.0 = Release|Any CPU
		{F86DD272-F438-4EED-9782-0A08B9CAB9AA}.Ad-Hoc|x86.ActiveCfg = Release|x86
		{F86DD272-F438-4EED-9782-0A08B9CAB9AA}.Ad-Hoc|x86.Build.0 = Release|x86
		{F86DD272-F438-4EED-9782-0A08B9CAB9AA}.Ad-Hoc|x86.Deploy.0 = Release|x86
		{F86DD272-F438-4EED-9782-0A08B9CAB9AA}.AppStore|Any CPU.ActiveCfg = Release|Any CPU
		{F86DD272-F438-4EED-9782-0A08B9CAB9AA}.AppStore|Any CPU.Build.0 = Release|Any CPU
		{F86DD272-F438-4EED-9782-0A08B9CAB9AA}.AppStore|Any CPU.Deploy.0 = Release|Any CPU
		{F86DD272-F438-4EED-9782-0A08B9CAB9AA}.AppStore|ARM.ActiveCfg = Release|ARM
		{F86DD272-F438-4EED-9782-0A08B9CAB9AA}.AppStore|ARM.Build.0 = Release|ARM
		{F86DD272-F438-4EED-9782-0A08B9CAB9AA}.AppStore|ARM.Deploy.0 = Release|ARM
		{F86DD272-F438-4EED-9782-0A08B9CAB9AA}.AppStore|iPhone.ActiveCfg = Release|Any CPU
		{F86DD272-F438-4EED-9782-0A08B9CAB9AA}.AppStore|iPhone.Build.0 = Release|Any CPU
		{F86DD272-F438-4EED-9782-0A08B9CAB9AA}.AppStore|iPhone.Deploy.0 = Release|Any CPU
		{F86DD272-F438-4EED-9782-0A08B9CAB9AA}.AppStore|iPhoneSimulator.ActiveCfg = Release|Any CPU
		{F86DD272-F438-4EED-9782-0A08B9CAB9AA}.AppStore|iPhoneSimulator.Build.0 = Release|Any CPU
		{F86DD272-F438-4EED-9782-0A08B9CAB9AA}.AppStore|iPhoneSimulator.Deploy.0 = Release|Any CPU
		{F86DD272-F438-4EED-9782-0A08B9CAB9AA}.AppStore|x64.ActiveCfg = Release|Any CPU
		{F86DD272-F438-4EED-9782-0A08B9CAB9AA}.AppStore|x64.Build.0 = Release|Any CPU
		{F86DD272-F438-4EED-9782-0A08B9CAB9AA}.AppStore|x64.Deploy.0 = Release|Any CPU
		{F86DD272-F438-4EED-9782-0A08B9CAB9AA}.AppStore|x86.ActiveCfg = Release|x86
		{F86DD272-F438-4EED-9782-0A08B9CAB9AA}.AppStore|x86.Build.0 = Release|x86
		{F86DD272-F438-4EED-9782-0A08B9CAB9AA}.AppStore|x86.Deploy.0 = Release|x86
		{F86DD272-F438-4EED-9782-0A08B9CAB9AA}.Debug|Any CPU.ActiveCfg = Debug|Any CPU
		{F86DD272-F438-4EED-9782-0A08B9CAB9AA}.Debug|Any CPU.Build.0 = Debug|Any CPU
		{F86DD272-F438-4EED-9782-0A08B9CAB9AA}.Debug|Any CPU.Deploy.0 = Debug|Any CPU
		{F86DD272-F438-4EED-9782-0A08B9CAB9AA}.Debug|ARM.ActiveCfg = Debug|ARM
		{F86DD272-F438-4EED-9782-0A08B9CAB9AA}.Debug|ARM.Build.0 = Debug|ARM
		{F86DD272-F438-4EED-9782-0A08B9CAB9AA}.Debug|ARM.Deploy.0 = Debug|ARM
		{F86DD272-F438-4EED-9782-0A08B9CAB9AA}.Debug|iPhone.ActiveCfg = Debug|Any CPU
		{F86DD272-F438-4EED-9782-0A08B9CAB9AA}.Debug|iPhone.Build.0 = Debug|Any CPU
		{F86DD272-F438-4EED-9782-0A08B9CAB9AA}.Debug|iPhone.Deploy.0 = Debug|Any CPU
		{F86DD272-F438-4EED-9782-0A08B9CAB9AA}.Debug|iPhoneSimulator.ActiveCfg = Debug|Any CPU
		{F86DD272-F438-4EED-9782-0A08B9CAB9AA}.Debug|iPhoneSimulator.Build.0 = Debug|Any CPU
		{F86DD272-F438-4EED-9782-0A08B9CAB9AA}.Debug|iPhoneSimulator.Deploy.0 = Debug|Any CPU
		{F86DD272-F438-4EED-9782-0A08B9CAB9AA}.Debug|x64.ActiveCfg = Debug|Any CPU
		{F86DD272-F438-4EED-9782-0A08B9CAB9AA}.Debug|x64.Build.0 = Debug|Any CPU
		{F86DD272-F438-4EED-9782-0A08B9CAB9AA}.Debug|x64.Deploy.0 = Debug|Any CPU
		{F86DD272-F438-4EED-9782-0A08B9CAB9AA}.Debug|x86.ActiveCfg = Debug|x86
		{F86DD272-F438-4EED-9782-0A08B9CAB9AA}.Debug|x86.Build.0 = Debug|x86
		{F86DD272-F438-4EED-9782-0A08B9CAB9AA}.Debug|x86.Deploy.0 = Debug|x86
		{F86DD272-F438-4EED-9782-0A08B9CAB9AA}.Release|Any CPU.ActiveCfg = Release|Any CPU
		{F86DD272-F438-4EED-9782-0A08B9CAB9AA}.Release|Any CPU.Build.0 = Release|Any CPU
		{F86DD272-F438-4EED-9782-0A08B9CAB9AA}.Release|Any CPU.Deploy.0 = Release|Any CPU
		{F86DD272-F438-4EED-9782-0A08B9CAB9AA}.Release|ARM.ActiveCfg = Release|ARM
		{F86DD272-F438-4EED-9782-0A08B9CAB9AA}.Release|ARM.Build.0 = Release|ARM
		{F86DD272-F438-4EED-9782-0A08B9CAB9AA}.Release|ARM.Deploy.0 = Release|ARM
		{F86DD272-F438-4EED-9782-0A08B9CAB9AA}.Release|iPhone.ActiveCfg = Release|Any CPU
		{F86DD272-F438-4EED-9782-0A08B9CAB9AA}.Release|iPhone.Build.0 = Release|Any CPU
		{F86DD272-F438-4EED-9782-0A08B9CAB9AA}.Release|iPhone.Deploy.0 = Release|Any CPU
		{F86DD272-F438-4EED-9782-0A08B9CAB9AA}.Release|iPhoneSimulator.ActiveCfg = Release|Any CPU
		{F86DD272-F438-4EED-9782-0A08B9CAB9AA}.Release|iPhoneSimulator.Build.0 = Release|Any CPU
		{F86DD272-F438-4EED-9782-0A08B9CAB9AA}.Release|iPhoneSimulator.Deploy.0 = Release|Any CPU
		{F86DD272-F438-4EED-9782-0A08B9CAB9AA}.Release|x64.ActiveCfg = Release|Any CPU
		{F86DD272-F438-4EED-9782-0A08B9CAB9AA}.Release|x64.Build.0 = Release|Any CPU
		{F86DD272-F438-4EED-9782-0A08B9CAB9AA}.Release|x64.Deploy.0 = Release|Any CPU
		{F86DD272-F438-4EED-9782-0A08B9CAB9AA}.Release|x86.ActiveCfg = Release|x86
		{F86DD272-F438-4EED-9782-0A08B9CAB9AA}.Release|x86.Build.0 = Release|x86
		{F86DD272-F438-4EED-9782-0A08B9CAB9AA}.Release|x86.Deploy.0 = Release|x86
		{66E98AA0-4696-4616-8AFB-3F0C6C547ABD}.Ad-Hoc|Any CPU.ActiveCfg = Release|x86
		{66E98AA0-4696-4616-8AFB-3F0C6C547ABD}.Ad-Hoc|Any CPU.Build.0 = Release|x86
		{66E98AA0-4696-4616-8AFB-3F0C6C547ABD}.Ad-Hoc|Any CPU.Deploy.0 = Release|x86
		{66E98AA0-4696-4616-8AFB-3F0C6C547ABD}.Ad-Hoc|ARM.ActiveCfg = Release|ARM
		{66E98AA0-4696-4616-8AFB-3F0C6C547ABD}.Ad-Hoc|ARM.Build.0 = Release|ARM
		{66E98AA0-4696-4616-8AFB-3F0C6C547ABD}.Ad-Hoc|ARM.Deploy.0 = Release|ARM
		{66E98AA0-4696-4616-8AFB-3F0C6C547ABD}.Ad-Hoc|iPhone.ActiveCfg = Release|x86
		{66E98AA0-4696-4616-8AFB-3F0C6C547ABD}.Ad-Hoc|iPhone.Build.0 = Release|x86
		{66E98AA0-4696-4616-8AFB-3F0C6C547ABD}.Ad-Hoc|iPhone.Deploy.0 = Release|x86
		{66E98AA0-4696-4616-8AFB-3F0C6C547ABD}.Ad-Hoc|iPhoneSimulator.ActiveCfg = Release|x86
		{66E98AA0-4696-4616-8AFB-3F0C6C547ABD}.Ad-Hoc|iPhoneSimulator.Build.0 = Release|x86
		{66E98AA0-4696-4616-8AFB-3F0C6C547ABD}.Ad-Hoc|iPhoneSimulator.Deploy.0 = Release|x86
		{66E98AA0-4696-4616-8AFB-3F0C6C547ABD}.Ad-Hoc|x64.ActiveCfg = Release|x64
		{66E98AA0-4696-4616-8AFB-3F0C6C547ABD}.Ad-Hoc|x64.Build.0 = Release|x64
		{66E98AA0-4696-4616-8AFB-3F0C6C547ABD}.Ad-Hoc|x64.Deploy.0 = Release|x64
		{66E98AA0-4696-4616-8AFB-3F0C6C547ABD}.Ad-Hoc|x86.ActiveCfg = Release|x86
		{66E98AA0-4696-4616-8AFB-3F0C6C547ABD}.Ad-Hoc|x86.Build.0 = Release|x86
		{66E98AA0-4696-4616-8AFB-3F0C6C547ABD}.Ad-Hoc|x86.Deploy.0 = Release|x86
		{66E98AA0-4696-4616-8AFB-3F0C6C547ABD}.AppStore|Any CPU.ActiveCfg = Release|x86
		{66E98AA0-4696-4616-8AFB-3F0C6C547ABD}.AppStore|Any CPU.Build.0 = Release|x86
		{66E98AA0-4696-4616-8AFB-3F0C6C547ABD}.AppStore|Any CPU.Deploy.0 = Release|x86
		{66E98AA0-4696-4616-8AFB-3F0C6C547ABD}.AppStore|ARM.ActiveCfg = Release|ARM
		{66E98AA0-4696-4616-8AFB-3F0C6C547ABD}.AppStore|ARM.Build.0 = Release|ARM
		{66E98AA0-4696-4616-8AFB-3F0C6C547ABD}.AppStore|ARM.Deploy.0 = Release|ARM
		{66E98AA0-4696-4616-8AFB-3F0C6C547ABD}.AppStore|iPhone.ActiveCfg = Release|x86
		{66E98AA0-4696-4616-8AFB-3F0C6C547ABD}.AppStore|iPhone.Build.0 = Release|x86
		{66E98AA0-4696-4616-8AFB-3F0C6C547ABD}.AppStore|iPhone.Deploy.0 = Release|x86
		{66E98AA0-4696-4616-8AFB-3F0C6C547ABD}.AppStore|iPhoneSimulator.ActiveCfg = Release|x86
		{66E98AA0-4696-4616-8AFB-3F0C6C547ABD}.AppStore|iPhoneSimulator.Build.0 = Release|x86
		{66E98AA0-4696-4616-8AFB-3F0C6C547ABD}.AppStore|iPhoneSimulator.Deploy.0 = Release|x86
		{66E98AA0-4696-4616-8AFB-3F0C6C547ABD}.AppStore|x64.ActiveCfg = Release|x64
		{66E98AA0-4696-4616-8AFB-3F0C6C547ABD}.AppStore|x64.Build.0 = Release|x64
		{66E98AA0-4696-4616-8AFB-3F0C6C547ABD}.AppStore|x64.Deploy.0 = Release|x64
		{66E98AA0-4696-4616-8AFB-3F0C6C547ABD}.AppStore|x86.ActiveCfg = Release|x86
		{66E98AA0-4696-4616-8AFB-3F0C6C547ABD}.AppStore|x86.Build.0 = Release|x86
		{66E98AA0-4696-4616-8AFB-3F0C6C547ABD}.AppStore|x86.Deploy.0 = Release|x86
		{66E98AA0-4696-4616-8AFB-3F0C6C547ABD}.Debug|Any CPU.ActiveCfg = Debug|x86
		{66E98AA0-4696-4616-8AFB-3F0C6C547ABD}.Debug|ARM.ActiveCfg = Debug|ARM
		{66E98AA0-4696-4616-8AFB-3F0C6C547ABD}.Debug|ARM.Build.0 = Debug|ARM
		{66E98AA0-4696-4616-8AFB-3F0C6C547ABD}.Debug|ARM.Deploy.0 = Debug|ARM
		{66E98AA0-4696-4616-8AFB-3F0C6C547ABD}.Debug|iPhone.ActiveCfg = Debug|x86
		{66E98AA0-4696-4616-8AFB-3F0C6C547ABD}.Debug|iPhoneSimulator.ActiveCfg = Debug|x86
		{66E98AA0-4696-4616-8AFB-3F0C6C547ABD}.Debug|x64.ActiveCfg = Debug|x64
		{66E98AA0-4696-4616-8AFB-3F0C6C547ABD}.Debug|x64.Build.0 = Debug|x64
		{66E98AA0-4696-4616-8AFB-3F0C6C547ABD}.Debug|x64.Deploy.0 = Debug|x64
		{66E98AA0-4696-4616-8AFB-3F0C6C547ABD}.Debug|x86.ActiveCfg = Debug|x86
		{66E98AA0-4696-4616-8AFB-3F0C6C547ABD}.Debug|x86.Build.0 = Debug|x86
		{66E98AA0-4696-4616-8AFB-3F0C6C547ABD}.Debug|x86.Deploy.0 = Debug|x86
		{66E98AA0-4696-4616-8AFB-3F0C6C547ABD}.Release|Any CPU.ActiveCfg = Release|x86
		{66E98AA0-4696-4616-8AFB-3F0C6C547ABD}.Release|ARM.ActiveCfg = Release|ARM
		{66E98AA0-4696-4616-8AFB-3F0C6C547ABD}.Release|ARM.Build.0 = Release|ARM
		{66E98AA0-4696-4616-8AFB-3F0C6C547ABD}.Release|ARM.Deploy.0 = Release|ARM
		{66E98AA0-4696-4616-8AFB-3F0C6C547ABD}.Release|iPhone.ActiveCfg = Release|x86
		{66E98AA0-4696-4616-8AFB-3F0C6C547ABD}.Release|iPhoneSimulator.ActiveCfg = Release|x86
		{66E98AA0-4696-4616-8AFB-3F0C6C547ABD}.Release|x64.ActiveCfg = Release|x64
		{66E98AA0-4696-4616-8AFB-3F0C6C547ABD}.Release|x64.Build.0 = Release|x64
		{66E98AA0-4696-4616-8AFB-3F0C6C547ABD}.Release|x64.Deploy.0 = Release|x64
		{66E98AA0-4696-4616-8AFB-3F0C6C547ABD}.Release|x86.ActiveCfg = Release|x86
		{66E98AA0-4696-4616-8AFB-3F0C6C547ABD}.Release|x86.Build.0 = Release|x86
		{66E98AA0-4696-4616-8AFB-3F0C6C547ABD}.Release|x86.Deploy.0 = Release|x86
		{B9B4214A-6D77-4E29-8A3D-A82B58783CC9}.Ad-Hoc|Any CPU.ActiveCfg = Release|Any CPU
		{B9B4214A-6D77-4E29-8A3D-A82B58783CC9}.Ad-Hoc|Any CPU.Build.0 = Release|Any CPU
		{B9B4214A-6D77-4E29-8A3D-A82B58783CC9}.Ad-Hoc|Any CPU.Deploy.0 = Release|Any CPU
		{B9B4214A-6D77-4E29-8A3D-A82B58783CC9}.Ad-Hoc|ARM.ActiveCfg = Release|ARM
		{B9B4214A-6D77-4E29-8A3D-A82B58783CC9}.Ad-Hoc|ARM.Build.0 = Release|ARM
		{B9B4214A-6D77-4E29-8A3D-A82B58783CC9}.Ad-Hoc|ARM.Deploy.0 = Release|ARM
		{B9B4214A-6D77-4E29-8A3D-A82B58783CC9}.Ad-Hoc|iPhone.ActiveCfg = Release|Any CPU
		{B9B4214A-6D77-4E29-8A3D-A82B58783CC9}.Ad-Hoc|iPhone.Build.0 = Release|Any CPU
		{B9B4214A-6D77-4E29-8A3D-A82B58783CC9}.Ad-Hoc|iPhone.Deploy.0 = Release|Any CPU
		{B9B4214A-6D77-4E29-8A3D-A82B58783CC9}.Ad-Hoc|iPhoneSimulator.ActiveCfg = Release|Any CPU
		{B9B4214A-6D77-4E29-8A3D-A82B58783CC9}.Ad-Hoc|iPhoneSimulator.Build.0 = Release|Any CPU
		{B9B4214A-6D77-4E29-8A3D-A82B58783CC9}.Ad-Hoc|iPhoneSimulator.Deploy.0 = Release|Any CPU
		{B9B4214A-6D77-4E29-8A3D-A82B58783CC9}.Ad-Hoc|x64.ActiveCfg = Release|x64
		{B9B4214A-6D77-4E29-8A3D-A82B58783CC9}.Ad-Hoc|x64.Build.0 = Release|x64
		{B9B4214A-6D77-4E29-8A3D-A82B58783CC9}.Ad-Hoc|x64.Deploy.0 = Release|x64
		{B9B4214A-6D77-4E29-8A3D-A82B58783CC9}.Ad-Hoc|x86.ActiveCfg = Release|x86
		{B9B4214A-6D77-4E29-8A3D-A82B58783CC9}.Ad-Hoc|x86.Build.0 = Release|x86
		{B9B4214A-6D77-4E29-8A3D-A82B58783CC9}.Ad-Hoc|x86.Deploy.0 = Release|x86
		{B9B4214A-6D77-4E29-8A3D-A82B58783CC9}.AppStore|Any CPU.ActiveCfg = Release|Any CPU
		{B9B4214A-6D77-4E29-8A3D-A82B58783CC9}.AppStore|Any CPU.Build.0 = Release|Any CPU
		{B9B4214A-6D77-4E29-8A3D-A82B58783CC9}.AppStore|Any CPU.Deploy.0 = Release|Any CPU
		{B9B4214A-6D77-4E29-8A3D-A82B58783CC9}.AppStore|ARM.ActiveCfg = Release|ARM
		{B9B4214A-6D77-4E29-8A3D-A82B58783CC9}.AppStore|ARM.Build.0 = Release|ARM
		{B9B4214A-6D77-4E29-8A3D-A82B58783CC9}.AppStore|ARM.Deploy.0 = Release|ARM
		{B9B4214A-6D77-4E29-8A3D-A82B58783CC9}.AppStore|iPhone.ActiveCfg = Release|Any CPU
		{B9B4214A-6D77-4E29-8A3D-A82B58783CC9}.AppStore|iPhone.Build.0 = Release|Any CPU
		{B9B4214A-6D77-4E29-8A3D-A82B58783CC9}.AppStore|iPhone.Deploy.0 = Release|Any CPU
		{B9B4214A-6D77-4E29-8A3D-A82B58783CC9}.AppStore|iPhoneSimulator.ActiveCfg = Release|Any CPU
		{B9B4214A-6D77-4E29-8A3D-A82B58783CC9}.AppStore|iPhoneSimulator.Build.0 = Release|Any CPU
		{B9B4214A-6D77-4E29-8A3D-A82B58783CC9}.AppStore|iPhoneSimulator.Deploy.0 = Release|Any CPU
		{B9B4214A-6D77-4E29-8A3D-A82B58783CC9}.AppStore|x64.ActiveCfg = Release|x64
		{B9B4214A-6D77-4E29-8A3D-A82B58783CC9}.AppStore|x64.Build.0 = Release|x64
		{B9B4214A-6D77-4E29-8A3D-A82B58783CC9}.AppStore|x64.Deploy.0 = Release|x64
		{B9B4214A-6D77-4E29-8A3D-A82B58783CC9}.AppStore|x86.ActiveCfg = Release|x86
		{B9B4214A-6D77-4E29-8A3D-A82B58783CC9}.AppStore|x86.Build.0 = Release|x86
		{B9B4214A-6D77-4E29-8A3D-A82B58783CC9}.AppStore|x86.Deploy.0 = Release|x86
		{B9B4214A-6D77-4E29-8A3D-A82B58783CC9}.Debug|Any CPU.ActiveCfg = Debug|Any CPU
		{B9B4214A-6D77-4E29-8A3D-A82B58783CC9}.Debug|Any CPU.Build.0 = Debug|Any CPU
		{B9B4214A-6D77-4E29-8A3D-A82B58783CC9}.Debug|Any CPU.Deploy.0 = Debug|Any CPU
		{B9B4214A-6D77-4E29-8A3D-A82B58783CC9}.Debug|ARM.ActiveCfg = Debug|ARM
		{B9B4214A-6D77-4E29-8A3D-A82B58783CC9}.Debug|ARM.Build.0 = Debug|ARM
		{B9B4214A-6D77-4E29-8A3D-A82B58783CC9}.Debug|ARM.Deploy.0 = Debug|ARM
		{B9B4214A-6D77-4E29-8A3D-A82B58783CC9}.Debug|iPhone.ActiveCfg = Debug|Any CPU
		{B9B4214A-6D77-4E29-8A3D-A82B58783CC9}.Debug|iPhone.Build.0 = Debug|Any CPU
		{B9B4214A-6D77-4E29-8A3D-A82B58783CC9}.Debug|iPhone.Deploy.0 = Debug|Any CPU
		{B9B4214A-6D77-4E29-8A3D-A82B58783CC9}.Debug|iPhoneSimulator.ActiveCfg = Debug|Any CPU
		{B9B4214A-6D77-4E29-8A3D-A82B58783CC9}.Debug|iPhoneSimulator.Build.0 = Debug|Any CPU
		{B9B4214A-6D77-4E29-8A3D-A82B58783CC9}.Debug|iPhoneSimulator.Deploy.0 = Debug|Any CPU
		{B9B4214A-6D77-4E29-8A3D-A82B58783CC9}.Debug|x64.ActiveCfg = Debug|x64
		{B9B4214A-6D77-4E29-8A3D-A82B58783CC9}.Debug|x64.Build.0 = Debug|x64
		{B9B4214A-6D77-4E29-8A3D-A82B58783CC9}.Debug|x64.Deploy.0 = Debug|x64
		{B9B4214A-6D77-4E29-8A3D-A82B58783CC9}.Debug|x86.ActiveCfg = Debug|x86
		{B9B4214A-6D77-4E29-8A3D-A82B58783CC9}.Debug|x86.Build.0 = Debug|x86
		{B9B4214A-6D77-4E29-8A3D-A82B58783CC9}.Debug|x86.Deploy.0 = Debug|x86
		{B9B4214A-6D77-4E29-8A3D-A82B58783CC9}.Release|Any CPU.ActiveCfg = Release|Any CPU
		{B9B4214A-6D77-4E29-8A3D-A82B58783CC9}.Release|Any CPU.Build.0 = Release|Any CPU
		{B9B4214A-6D77-4E29-8A3D-A82B58783CC9}.Release|Any CPU.Deploy.0 = Release|Any CPU
		{B9B4214A-6D77-4E29-8A3D-A82B58783CC9}.Release|ARM.ActiveCfg = Release|ARM
		{B9B4214A-6D77-4E29-8A3D-A82B58783CC9}.Release|ARM.Build.0 = Release|ARM
		{B9B4214A-6D77-4E29-8A3D-A82B58783CC9}.Release|ARM.Deploy.0 = Release|ARM
		{B9B4214A-6D77-4E29-8A3D-A82B58783CC9}.Release|iPhone.ActiveCfg = Release|Any CPU
		{B9B4214A-6D77-4E29-8A3D-A82B58783CC9}.Release|iPhone.Build.0 = Release|Any CPU
		{B9B4214A-6D77-4E29-8A3D-A82B58783CC9}.Release|iPhone.Deploy.0 = Release|Any CPU
		{B9B4214A-6D77-4E29-8A3D-A82B58783CC9}.Release|iPhoneSimulator.ActiveCfg = Release|Any CPU
		{B9B4214A-6D77-4E29-8A3D-A82B58783CC9}.Release|iPhoneSimulator.Build.0 = Release|Any CPU
		{B9B4214A-6D77-4E29-8A3D-A82B58783CC9}.Release|iPhoneSimulator.Deploy.0 = Release|Any CPU
		{B9B4214A-6D77-4E29-8A3D-A82B58783CC9}.Release|x64.ActiveCfg = Release|x64
		{B9B4214A-6D77-4E29-8A3D-A82B58783CC9}.Release|x64.Build.0 = Release|x64
		{B9B4214A-6D77-4E29-8A3D-A82B58783CC9}.Release|x64.Deploy.0 = Release|x64
		{B9B4214A-6D77-4E29-8A3D-A82B58783CC9}.Release|x86.ActiveCfg = Release|x86
		{B9B4214A-6D77-4E29-8A3D-A82B58783CC9}.Release|x86.Build.0 = Release|x86
		{B9B4214A-6D77-4E29-8A3D-A82B58783CC9}.Release|x86.Deploy.0 = Release|x86
	EndGlobalSection
	GlobalSection(SolutionProperties) = preSolution
		HideSolutionNode = FALSE
	EndGlobalSection
EndGlobal
